
Microsoft Visual Studio Solution File, Format Version 12.00
# Visual Studio 14
VisualStudioVersion = 14.0.25420.1
MinimumVisualStudioVersion = 10.0.40219.1
Project("{FAE04EC0-301F-11D3-BF4B-00C04F79EFBC}") = "SIT313_Assignment2.Droid", "SIT313 Assignment2\SIT313_Assignment2.Droid\SIT313_Assignment2.Droid.csproj", "{25329990-BC8E-4103-A3BC-353B04F7B3B5}"
EndProject
Project("{FAE04EC0-301F-11D3-BF4B-00C04F79EFBC}") = "SIT313_Assignment2.iOS", "SIT313 Assignment2\SIT313_Assignment2.iOS\SIT313_Assignment2.iOS.csproj", "{0ECBB20A-E74E-4180-81AF-0DCAC9389FF6}"
EndProject
Project("{FAE04EC0-301F-11D3-BF4B-00C04F79EFBC}") = "SIT313_Assignment2", "SIT313 Assignment2\SIT313_Assignment2\SIT313_Assignment2.csproj", "{55B64C47-6E0F-4B32-B326-B1D39CAC50F7}"
EndProject
Global
	GlobalSection(SolutionConfigurationPlatforms) = preSolution
		Ad-Hoc|Any CPU = Ad-Hoc|Any CPU
		Ad-Hoc|iPhone = Ad-Hoc|iPhone
		Ad-Hoc|iPhoneSimulator = Ad-Hoc|iPhoneSimulator
		AppStore|Any CPU = AppStore|Any CPU
		AppStore|iPhone = AppStore|iPhone
		AppStore|iPhoneSimulator = AppStore|iPhoneSimulator
		Debug|Any CPU = Debug|Any CPU
		Debug|iPhone = Debug|iPhone
		Debug|iPhoneSimulator = Debug|iPhoneSimulator
		Release|Any CPU = Release|Any CPU
		Release|iPhone = Release|iPhone
		Release|iPhoneSimulator = Release|iPhoneSimulator
	EndGlobalSection
	GlobalSection(ProjectConfigurationPlatforms) = postSolution
		{25329990-BC8E-4103-A3BC-353B04F7B3B5}.Ad-Hoc|Any CPU.ActiveCfg = Release|Any CPU
		{25329990-BC8E-4103-A3BC-353B04F7B3B5}.Ad-Hoc|Any CPU.Build.0 = Release|Any CPU
		{25329990-BC8E-4103-A3BC-353B04F7B3B5}.Ad-Hoc|Any CPU.Deploy.0 = Release|Any CPU
		{25329990-BC8E-4103-A3BC-353B04F7B3B5}.Ad-Hoc|iPhone.ActiveCfg = Release|Any CPU
		{25329990-BC8E-4103-A3BC-353B04F7B3B5}.Ad-Hoc|iPhone.Build.0 = Release|Any CPU
		{25329990-BC8E-4103-A3BC-353B04F7B3B5}.Ad-Hoc|iPhone.Deploy.0 = Release|Any CPU
		{25329990-BC8E-4103-A3BC-353B04F7B3B5}.Ad-Hoc|iPhoneSimulator.ActiveCfg = Release|Any CPU
		{25329990-BC8E-4103-A3BC-353B04F7B3B5}.Ad-Hoc|iPhoneSimulator.Build.0 = Release|Any CPU
		{25329990-BC8E-4103-A3BC-353B04F7B3B5}.Ad-Hoc|iPhoneSimulator.Deploy.0 = Release|Any CPU
		{25329990-BC8E-4103-A3BC-353B04F7B3B5}.AppStore|Any CPU.ActiveCfg = Release|Any CPU
		{25329990-BC8E-4103-A3BC-353B04F7B3B5}.AppStore|Any CPU.Build.0 = Release|Any CPU
		{25329990-BC8E-4103-A3BC-353B04F7B3B5}.AppStore|Any CPU.Deploy.0 = Release|Any CPU
		{25329990-BC8E-4103-A3BC-353B04F7B3B5}.AppStore|iPhone.ActiveCfg = Release|Any CPU
		{25329990-BC8E-4103-A3BC-353B04F7B3B5}.AppStore|iPhone.Build.0 = Release|Any CPU
		{25329990-BC8E-4103-A3BC-353B04F7B3B5}.AppStore|iPhone.Deploy.0 = Release|Any CPU
		{25329990-BC8E-4103-A3BC-353B04F7B3B5}.AppStore|iPhoneSimulator.ActiveCfg = Release|Any CPU
		{25329990-BC8E-4103-A3BC-353B04F7B3B5}.AppStore|iPhoneSimulator.Build.0 = Release|Any CPU
		{25329990-BC8E-4103-A3BC-353B04F7B3B5}.AppStore|iPhoneSimulator.Deploy.0 = Release|Any CPU
		{25329990-BC8E-4103-A3BC-353B04F7B3B5}.Debug|Any CPU.ActiveCfg = Debug|Any CPU
		{25329990-BC8E-4103-A3BC-353B04F7B3B5}.Debug|Any CPU.Build.0 = Debug|Any CPU
		{25329990-BC8E-4103-A3BC-353B04F7B3B5}.Debug|Any CPU.Deploy.0 = Debug|Any CPU
		{25329990-BC8E-4103-A3BC-353B04F7B3B5}.Debug|iPhone.ActiveCfg = Debug|Any CPU
		{25329990-BC8E-4103-A3BC-353B04F7B3B5}.Debug|iPhone.Build.0 = Debug|Any CPU
		{25329990-BC8E-4103-A3BC-353B04F7B3B5}.Debug|iPhone.Deploy.0 = Debug|Any CPU
		{25329990-BC8E-4103-A3BC-353B04F7B3B5}.Debug|iPhoneSimulator.ActiveCfg = Debug|Any CPU
		{25329990-BC8E-4103-A3BC-353B04F7B3B5}.Debug|iPhoneSimulator.Build.0 = Debug|Any CPU
		{25329990-BC8E-4103-A3BC-353B04F7B3B5}.Debug|iPhoneSimulator.Deploy.0 = Debug|Any CPU
		{25329990-BC8E-4103-A3BC-353B04F7B3B5}.Release|Any CPU.ActiveCfg = Release|Any CPU
		{25329990-BC8E-4103-A3BC-353B04F7B3B5}.Release|Any CPU.Build.0 = Release|Any CPU
		{25329990-BC8E-4103-A3BC-353B04F7B3B5}.Release|Any CPU.Deploy.0 = Release|Any CPU
		{25329990-BC8E-4103-A3BC-353B04F7B3B5}.Release|iPhone.ActiveCfg = Release|Any CPU
		{25329990-BC8E-4103-A3BC-353B04F7B3B5}.Release|iPhone.Build.0 = Release|Any CPU
		{25329990-BC8E-4103-A3BC-353B04F7B3B5}.Release|iPhone.Deploy.0 = Release|Any CPU
		{25329990-BC8E-4103-A3BC-353B04F7B3B5}.Release|iPhoneSimulator.ActiveCfg = Release|Any CPU
		{25329990-BC8E-4103-A3BC-353B04F7B3B5}.Release|iPhoneSimulator.Build.0 = Release|Any CPU
		{25329990-BC8E-4103-A3BC-353B04F7B3B5}.Release|iPhoneSimulator.Deploy.0 = Release|Any CPU
		{0ECBB20A-E74E-4180-81AF-0DCAC9389FF6}.Ad-Hoc|Any CPU.ActiveCfg = Ad-Hoc|iPhone
		{0ECBB20A-E74E-4180-81AF-0DCAC9389FF6}.Ad-Hoc|iPhone.ActiveCfg = Ad-Hoc|iPhone
		{0ECBB20A-E74E-4180-81AF-0DCAC9389FF6}.Ad-Hoc|iPhone.Build.0 = Ad-Hoc|iPhone
		{0ECBB20A-E74E-4180-81AF-0DCAC9389FF6}.Ad-Hoc|iPhoneSimulator.ActiveCfg = Ad-Hoc|iPhoneSimulator
		{0ECBB20A-E74E-4180-81AF-0DCAC9389FF6}.Ad-Hoc|iPhoneSimulator.Build.0 = Ad-Hoc|iPhoneSimulator
		{0ECBB20A-E74E-4180-81AF-0DCAC9389FF6}.AppStore|Any CPU.ActiveCfg = AppStore|iPhone
		{0ECBB20A-E74E-4180-81AF-0DCAC9389FF6}.AppStore|iPhone.ActiveCfg = AppStore|iPhone
		{0ECBB20A-E74E-4180-81AF-0DCAC9389FF6}.AppStore|iPhone.Build.0 = AppStore|iPhone
		{0ECBB20A-E74E-4180-81AF-0DCAC9389FF6}.AppStore|iPhoneSimulator.ActiveCfg = AppStore|iPhoneSimulator
		{0ECBB20A-E74E-4180-81AF-0DCAC9389FF6}.AppStore|iPhoneSimulator.Build.0 = AppStore|iPhoneSimulator
		{0ECBB20A-E74E-4180-81AF-0DCAC9389FF6}.Debug|Any CPU.ActiveCfg = Debug|iPhone
		{0ECBB20A-E74E-4180-81AF-0DCAC9389FF6}.Debug|iPhone.ActiveCfg = Debug|iPhone
		{0ECBB20A-E74E-4180-81AF-0DCAC9389FF6}.Debug|iPhone.Build.0 = Debug|iPhone
		{0ECBB20A-E74E-4180-81AF-0DCAC9389FF6}.Debug|iPhoneSimulator.ActiveCfg = Debug|iPhoneSimulator
		{0ECBB20A-E74E-4180-81AF-0DCAC9389FF6}.Debug|iPhoneSimulator.Build.0 = Debug|iPhoneSimulator
		{0ECBB20A-E74E-4180-81AF-0DCAC9389FF6}.Release|Any CPU.ActiveCfg = Release|iPhone
		{0ECBB20A-E74E-4180-81AF-0DCAC9389FF6}.Release|iPhone.ActiveCfg = Release|iPhone
		{0ECBB20A-E74E-4180-81AF-0DCAC9389FF6}.Release|iPhone.Build.0 = Release|iPhone
		{0ECBB20A-E74E-4180-81AF-0DCAC9389FF6}.Release|iPhoneSimulator.ActiveCfg = Release|iPhoneSimulator
		{0ECBB20A-E74E-4180-81AF-0DCAC9389FF6}.Release|iPhoneSimulator.Build.0 = Release|iPhoneSimulator
		{55B64C47-6E0F-4B32-B326-B1D39CAC50F7}.Ad-Hoc|Any CPU.ActiveCfg = Release|Any CPU
		{55B64C47-6E0F-4B32-B326-B1D39CAC50F7}.Ad-Hoc|Any CPU.Build.0 = Release|Any CPU
		{55B64C47-6E0F-4B32-B326-B1D39CAC50F7}.Ad-Hoc|iPhone.ActiveCfg = Release|Any CPU
		{55B64C47-6E0F-4B32-B326-B1D39CAC50F7}.Ad-Hoc|iPhone.Build.0 = Release|Any CPU
		{55B64C47-6E0F-4B32-B326-B1D39CAC50F7}.Ad-Hoc|iPhoneSimulator.ActiveCfg = Release|Any CPU
		{55B64C47-6E0F-4B32-B326-B1D39CAC50F7}.Ad-Hoc|iPhoneSimulator.Build.0 = Release|Any CPU
		{55B64C47-6E0F-4B32-B326-B1D39CAC50F7}.AppStore|Any CPU.ActiveCfg = Release|Any CPU
		{55B64C47-6E0F-4B32-B326-B1D39CAC50F7}.AppStore|Any CPU.Build.0 = Release|Any CPU
		{55B64C47-6E0F-4B32-B326-B1D39CAC50F7}.AppStore|iPhone.ActiveCfg = Release|Any CPU
		{55B64C47-6E0F-4B32-B326-B1D39CAC50F7}.AppStore|iPhone.Build.0 = Release|Any CPU
		{55B64C47-6E0F-4B32-B326-B1D39CAC50F7}.AppStore|iPhoneSimulator.ActiveCfg = Release|Any CPU
		{55B64C47-6E0F-4B32-B326-B1D39CAC50F7}.AppStore|iPhoneSimulator.Build.0 = Release|Any CPU
		{55B64C47-6E0F-4B32-B326-B1D39CAC50F7}.Debug|Any CPU.ActiveCfg = Debug|Any CPU
		{55B64C47-6E0F-4B32-B326-B1D39CAC50F7}.Debug|Any CPU.Build.0 = Debug|Any CPU
		{55B64C47-6E0F-4B32-B326-B1D39CAC50F7}.Debug|iPhone.ActiveCfg = Debug|Any CPU
		{55B64C47-6E0F-4B32-B326-B1D39CAC50F7}.Debug|iPhone.Build.0 = Debug|Any CPU
		{55B64C47-6E0F-4B32-B326-B1D39CAC50F7}.Debug|iPhoneSimulator.ActiveCfg = Debug|Any CPU
		{55B64C47-6E0F-4B32-B326-B1D39CAC50F7}.Debug|iPhoneSimulator.Build.0 = Debug|Any CPU
		{55B64C47-6E0F-4B32-B326-B1D39CAC50F7}.Release|Any CPU.ActiveCfg = Release|Any CPU
		{55B64C47-6E0F-4B32-B326-B1D39CAC50F7}.Release|Any CPU.Build.0 = Release|Any CPU
		{55B64C47-6E0F-4B32-B326-B1D39CAC50F7}.Release|iPhone.ActiveCfg = Release|Any CPU
		{55B64C47-6E0F-4B32-B326-B1D39CAC50F7}.Release|iPhone.Build.0 = Release|Any CPU
		{55B64C47-6E0F-4B32-B326-B1D39CAC50F7}.Release|iPhoneSimulator.ActiveCfg = Release|Any CPU
		{55B64C47-6E0F-4B32-B326-B1D39CAC50F7}.Release|iPhoneSimulator.Build.0 = Release|Any CPU
	EndGlobalSection
	GlobalSection(SolutionProperties) = preSolution
		HideSolutionNode = FALSE
	EndGlobalSection
EndGlobal
